{
	"name": "alpha-validator-bridge-validate.js",
	"version": "0.5.0",
	"lockfileVersion": 2,
	"requires": true,
	"packages": {
		"": {
			"name": "alpha-validator-bridge-validate.js",
			"version": "0.4.3",
			"license": "MIT",
			"devDependencies": {
				"validate.js": "^0.12.0"
			},
			"peerDependencies": {
				"alpha-validator": "^0.6.0",
				"validate.js": "^0.12.0"
			}
		},
		"node_modules/alpha-validator": {
			"version": "0.6.1",
			"resolved": "https://registry.npmjs.org/alpha-validator/-/alpha-validator-0.6.1.tgz",
			"integrity": "sha512-4AUGVuBhmRwCs0lAPHDhglSc1Hruc9UH80BH8he04bSr0csgT3ugX/pPlDNyzg4XFDk/DdLx42b8w6pCUZOvGw==",
			"peer": true,
			"dependencies": {
				"monet": "^0.9.0"
			}
		},
		"node_modules/monet": {
			"version": "0.9.3",
			"resolved": "https://registry.npmjs.org/monet/-/monet-0.9.3.tgz",
			"integrity": "sha512-t1hzyR2uXrkENSn1cZC487Tb6FcLUMBvRnCvTT/1SE/uJy6OJR2l9tb80p+tZOuopFK4+Ch4gy0vxr9nkqxT/w==",
			"peer": true,
			"engines": {
				"node": ">=12",
				"npm": ">=6"
			}
		},
		"node_modules/validate.js": {
			"version": "0.12.0",
			"resolved": "https://registry.npmjs.org/validate.js/-/validate.js-0.12.0.tgz",
			"integrity": "sha512-/x2RJSvbqEyxKj0RPN4xaRquK+EggjeVXiDDEyrJzsJogjtiZ9ov7lj/svVb4DM5Q5braQF4cooAryQbUwOxlA==",
			"dev": true
		}
	},
	"dependencies": {
		"alpha-validator": {
			"version": "0.6.1",
			"resolved": "https://registry.npmjs.org/alpha-validator/-/alpha-validator-0.6.1.tgz",
			"integrity": "sha512-4AUGVuBhmRwCs0lAPHDhglSc1Hruc9UH80BH8he04bSr0csgT3ugX/pPlDNyzg4XFDk/DdLx42b8w6pCUZOvGw==",
			"peer": true,
			"requires": {
				"monet": "^0.9.0"
			}
		},
		"monet": {
			"version": "0.9.3",
			"resolved": "https://registry.npmjs.org/monet/-/monet-0.9.3.tgz",
			"integrity": "sha512-t1hzyR2uXrkENSn1cZC487Tb6FcLUMBvRnCvTT/1SE/uJy6OJR2l9tb80p+tZOuopFK4+Ch4gy0vxr9nkqxT/w==",
			"peer": true
		},
		"validate.js": {
			"version": "0.12.0",
			"resolved": "https://registry.npmjs.org/validate.js/-/validate.js-0.12.0.tgz",
			"integrity": "sha512-/x2RJSvbqEyxKj0RPN4xaRquK+EggjeVXiDDEyrJzsJogjtiZ9ov7lj/svVb4DM5Q5braQF4cooAryQbUwOxlA==",
			"dev": true
		}
	}
}
