{
  "name": "alpha-validator",
  "version": "0.6.0",
  "lockfileVersion": 1,
  "requires": true,
  "dependencies": {
    "monet": {
      "version": "0.9.1",
      "resolved": "https://registry.npmjs.org/monet/-/monet-0.9.1.tgz",
      "integrity": "sha512-GaZw308g6t0WD+U2mGujwJckGp2b8AGGVuB6PiIwkXbq6rJeiqddre2mdbO4PxjyILPi+7GgtRkkfr6dBYXWtA=="
    }
  }
}
