{
	"name": "alpha-validator",
	"version": "0.6.2",
	"lockfileVersion": 2,
	"requires": true,
	"packages": {
		"": {
			"name": "alpha-validator",
			"version": "0.6.1",
			"license": "MIT",
			"dependencies": {
				"monet": "^0.9.0"
			}
		},
		"node_modules/monet": {
			"version": "0.9.3",
			"resolved": "https://registry.npmjs.org/monet/-/monet-0.9.3.tgz",
			"integrity": "sha512-t1hzyR2uXrkENSn1cZC487Tb6FcLUMBvRnCvTT/1SE/uJy6OJR2l9tb80p+tZOuopFK4+Ch4gy0vxr9nkqxT/w==",
			"engines": {
				"node": ">=12",
				"npm": ">=6"
			}
		}
	},
	"dependencies": {
		"monet": {
			"version": "0.9.3",
			"resolved": "https://registry.npmjs.org/monet/-/monet-0.9.3.tgz",
			"integrity": "sha512-t1hzyR2uXrkENSn1cZC487Tb6FcLUMBvRnCvTT/1SE/uJy6OJR2l9tb80p+tZOuopFK4+Ch4gy0vxr9nkqxT/w=="
		}
	}
}
