{
	"name": "alpha-validator-bridge-yup",
	"version": "0.5.1",
	"lockfileVersion": 2,
	"requires": true,
	"packages": {
		"": {
			"name": "alpha-validator-bridge-yup",
			"version": "0.4.4",
			"license": "MIT",
			"devDependencies": {
				"@sweet-monads/either": "^3",
				"yup": "^0.32.8"
			},
			"peerDependencies": {
				"@sweet-monads/either": "^3",
				"alpha-validator": "^0.6.0",
				"yup": "^0.32.8"
			}
		},
		"node_modules/@babel/runtime": {
			"version": "7.17.9",
			"resolved": "https://registry.npmjs.org/@babel/runtime/-/runtime-7.17.9.tgz",
			"integrity": "sha512-lSiBBvodq29uShpWGNbgFdKYNiFDo5/HIYsaCEY9ff4sb10x9jizo2+pRrSyF4jKZCXqgzuqBOQKbUm90gQwJg==",
			"dev": true,
			"dependencies": {
				"regenerator-runtime": "^0.13.4"
			},
			"engines": {
				"node": ">=6.9.0"
			}
		},
		"node_modules/@sweet-monads/either": {
			"version": "3.1.0",
			"resolved": "https://registry.npmjs.org/@sweet-monads/either/-/either-3.1.0.tgz",
			"integrity": "sha512-GiKUqzwj2602FCJo+sFMYyuo8OS1rmknSLRSJmjvnKqkyo+OXEqAhw9tAASH/SvCC7OC7IEEUvarocWMuB9pdg==",
			"dev": true,
			"dependencies": {
				"@sweet-monads/interfaces": "^3.1.0"
			}
		},
		"node_modules/@sweet-monads/interfaces": {
			"version": "3.1.0",
			"resolved": "https://registry.npmjs.org/@sweet-monads/interfaces/-/interfaces-3.1.0.tgz",
			"integrity": "sha512-/65uh95U8yWmnVQVQWPh6v49vTDomXYttDJot86JOpWjP2gpStnPX02uTH/WMla0vfGb5KP7mFZMKUvom/QqkA==",
			"dev": true
		},
		"node_modules/@types/lodash": {
			"version": "4.14.182",
			"resolved": "https://registry.npmjs.org/@types/lodash/-/lodash-4.14.182.tgz",
			"integrity": "sha512-/THyiqyQAP9AfARo4pF+aCGcyiQ94tX/Is2I7HofNRqoYLgN1PBoOWu2/zTA5zMxzP5EFutMtWtGAFRKUe961Q==",
			"dev": true
		},
		"node_modules/alpha-validator": {
			"version": "0.6.1",
			"resolved": "https://registry.npmjs.org/alpha-validator/-/alpha-validator-0.6.1.tgz",
			"integrity": "sha512-4AUGVuBhmRwCs0lAPHDhglSc1Hruc9UH80BH8he04bSr0csgT3ugX/pPlDNyzg4XFDk/DdLx42b8w6pCUZOvGw==",
			"peer": true,
			"dependencies": {
				"monet": "^0.9.0"
			}
		},
		"node_modules/lodash": {
			"version": "4.17.21",
			"resolved": "https://registry.npmjs.org/lodash/-/lodash-4.17.21.tgz",
			"integrity": "sha512-v2kDEe57lecTulaDIuNTPy3Ry4gLGJ6Z1O3vE1krgXZNrsQ+LFTGHVxVjcXPs17LhbZVGedAJv8XZ1tvj5FvSg==",
			"dev": true
		},
		"node_modules/lodash-es": {
			"version": "4.17.21",
			"resolved": "https://registry.npmjs.org/lodash-es/-/lodash-es-4.17.21.tgz",
			"integrity": "sha512-mKnC+QJ9pWVzv+C4/U3rRsHapFfHvQFoFB92e52xeyGMcX6/OlIl78je1u8vePzYZSkkogMPJ2yjxxsb89cxyw==",
			"dev": true
		},
		"node_modules/monet": {
			"version": "0.9.3",
			"resolved": "https://registry.npmjs.org/monet/-/monet-0.9.3.tgz",
			"integrity": "sha512-t1hzyR2uXrkENSn1cZC487Tb6FcLUMBvRnCvTT/1SE/uJy6OJR2l9tb80p+tZOuopFK4+Ch4gy0vxr9nkqxT/w==",
			"peer": true,
			"engines": {
				"node": ">=12",
				"npm": ">=6"
			}
		},
		"node_modules/nanoclone": {
			"version": "0.2.1",
			"resolved": "https://registry.npmjs.org/nanoclone/-/nanoclone-0.2.1.tgz",
			"integrity": "sha512-wynEP02LmIbLpcYw8uBKpcfF6dmg2vcpKqxeH5UcoKEYdExslsdUA4ugFauuaeYdTB76ez6gJW8XAZ6CgkXYxA==",
			"dev": true
		},
		"node_modules/property-expr": {
			"version": "2.0.5",
			"resolved": "https://registry.npmjs.org/property-expr/-/property-expr-2.0.5.tgz",
			"integrity": "sha512-IJUkICM5dP5znhCckHSv30Q4b5/JA5enCtkRHYaOVOAocnH/1BQEYTC5NMfT3AVl/iXKdr3aqQbQn9DxyWknwA==",
			"dev": true
		},
		"node_modules/regenerator-runtime": {
			"version": "0.13.9",
			"resolved": "https://registry.npmjs.org/regenerator-runtime/-/regenerator-runtime-0.13.9.tgz",
			"integrity": "sha512-p3VT+cOEgxFsRRA9X4lkI1E+k2/CtnKtU4gcxyaCUreilL/vqI6CdZ3wxVUx3UOUg+gnUOQQcRI7BmSI656MYA==",
			"dev": true
		},
		"node_modules/toposort": {
			"version": "2.0.2",
			"resolved": "https://registry.npmjs.org/toposort/-/toposort-2.0.2.tgz",
			"integrity": "sha1-riF2gXXRVZ1IvvNUILL0li8JwzA=",
			"dev": true
		},
		"node_modules/yup": {
			"version": "0.32.11",
			"resolved": "https://registry.npmjs.org/yup/-/yup-0.32.11.tgz",
			"integrity": "sha512-Z2Fe1bn+eLstG8DRR6FTavGD+MeAwyfmouhHsIUgaADz8jvFKbO/fXc2trJKZg+5EBjh4gGm3iU/t3onKlXHIg==",
			"dev": true,
			"dependencies": {
				"@babel/runtime": "^7.15.4",
				"@types/lodash": "^4.14.175",
				"lodash": "^4.17.21",
				"lodash-es": "^4.17.21",
				"nanoclone": "^0.2.1",
				"property-expr": "^2.0.4",
				"toposort": "^2.0.2"
			},
			"engines": {
				"node": ">=10"
			}
		}
	},
	"dependencies": {
		"@babel/runtime": {
			"version": "7.17.9",
			"resolved": "https://registry.npmjs.org/@babel/runtime/-/runtime-7.17.9.tgz",
			"integrity": "sha512-lSiBBvodq29uShpWGNbgFdKYNiFDo5/HIYsaCEY9ff4sb10x9jizo2+pRrSyF4jKZCXqgzuqBOQKbUm90gQwJg==",
			"dev": true,
			"requires": {
				"regenerator-runtime": "^0.13.4"
			}
		},
		"@sweet-monads/either": {
			"version": "3.1.0",
			"resolved": "https://registry.npmjs.org/@sweet-monads/either/-/either-3.1.0.tgz",
			"integrity": "sha512-GiKUqzwj2602FCJo+sFMYyuo8OS1rmknSLRSJmjvnKqkyo+OXEqAhw9tAASH/SvCC7OC7IEEUvarocWMuB9pdg==",
			"dev": true,
			"requires": {
				"@sweet-monads/interfaces": "^3.1.0"
			}
		},
		"@sweet-monads/interfaces": {
			"version": "3.1.0",
			"resolved": "https://registry.npmjs.org/@sweet-monads/interfaces/-/interfaces-3.1.0.tgz",
			"integrity": "sha512-/65uh95U8yWmnVQVQWPh6v49vTDomXYttDJot86JOpWjP2gpStnPX02uTH/WMla0vfGb5KP7mFZMKUvom/QqkA==",
			"dev": true
		},
		"@types/lodash": {
			"version": "4.14.182",
			"resolved": "https://registry.npmjs.org/@types/lodash/-/lodash-4.14.182.tgz",
			"integrity": "sha512-/THyiqyQAP9AfARo4pF+aCGcyiQ94tX/Is2I7HofNRqoYLgN1PBoOWu2/zTA5zMxzP5EFutMtWtGAFRKUe961Q==",
			"dev": true
		},
		"alpha-validator": {
			"version": "0.6.1",
			"resolved": "https://registry.npmjs.org/alpha-validator/-/alpha-validator-0.6.1.tgz",
			"integrity": "sha512-4AUGVuBhmRwCs0lAPHDhglSc1Hruc9UH80BH8he04bSr0csgT3ugX/pPlDNyzg4XFDk/DdLx42b8w6pCUZOvGw==",
			"peer": true,
			"requires": {
				"monet": "^0.9.0"
			}
		},
		"lodash": {
			"version": "4.17.21",
			"resolved": "https://registry.npmjs.org/lodash/-/lodash-4.17.21.tgz",
			"integrity": "sha512-v2kDEe57lecTulaDIuNTPy3Ry4gLGJ6Z1O3vE1krgXZNrsQ+LFTGHVxVjcXPs17LhbZVGedAJv8XZ1tvj5FvSg==",
			"dev": true
		},
		"lodash-es": {
			"version": "4.17.21",
			"resolved": "https://registry.npmjs.org/lodash-es/-/lodash-es-4.17.21.tgz",
			"integrity": "sha512-mKnC+QJ9pWVzv+C4/U3rRsHapFfHvQFoFB92e52xeyGMcX6/OlIl78je1u8vePzYZSkkogMPJ2yjxxsb89cxyw==",
			"dev": true
		},
		"monet": {
			"version": "0.9.3",
			"resolved": "https://registry.npmjs.org/monet/-/monet-0.9.3.tgz",
			"integrity": "sha512-t1hzyR2uXrkENSn1cZC487Tb6FcLUMBvRnCvTT/1SE/uJy6OJR2l9tb80p+tZOuopFK4+Ch4gy0vxr9nkqxT/w==",
			"peer": true
		},
		"nanoclone": {
			"version": "0.2.1",
			"resolved": "https://registry.npmjs.org/nanoclone/-/nanoclone-0.2.1.tgz",
			"integrity": "sha512-wynEP02LmIbLpcYw8uBKpcfF6dmg2vcpKqxeH5UcoKEYdExslsdUA4ugFauuaeYdTB76ez6gJW8XAZ6CgkXYxA==",
			"dev": true
		},
		"property-expr": {
			"version": "2.0.5",
			"resolved": "https://registry.npmjs.org/property-expr/-/property-expr-2.0.5.tgz",
			"integrity": "sha512-IJUkICM5dP5znhCckHSv30Q4b5/JA5enCtkRHYaOVOAocnH/1BQEYTC5NMfT3AVl/iXKdr3aqQbQn9DxyWknwA==",
			"dev": true
		},
		"regenerator-runtime": {
			"version": "0.13.9",
			"resolved": "https://registry.npmjs.org/regenerator-runtime/-/regenerator-runtime-0.13.9.tgz",
			"integrity": "sha512-p3VT+cOEgxFsRRA9X4lkI1E+k2/CtnKtU4gcxyaCUreilL/vqI6CdZ3wxVUx3UOUg+gnUOQQcRI7BmSI656MYA==",
			"dev": true
		},
		"toposort": {
			"version": "2.0.2",
			"resolved": "https://registry.npmjs.org/toposort/-/toposort-2.0.2.tgz",
			"integrity": "sha1-riF2gXXRVZ1IvvNUILL0li8JwzA=",
			"dev": true
		},
		"yup": {
			"version": "0.32.11",
			"resolved": "https://registry.npmjs.org/yup/-/yup-0.32.11.tgz",
			"integrity": "sha512-Z2Fe1bn+eLstG8DRR6FTavGD+MeAwyfmouhHsIUgaADz8jvFKbO/fXc2trJKZg+5EBjh4gGm3iU/t3onKlXHIg==",
			"dev": true,
			"requires": {
				"@babel/runtime": "^7.15.4",
				"@types/lodash": "^4.14.175",
				"lodash": "^4.17.21",
				"lodash-es": "^4.17.21",
				"nanoclone": "^0.2.1",
				"property-expr": "^2.0.4",
				"toposort": "^2.0.2"
			}
		}
	}
}
